// !$*UTF8*$!
{
	archiveVersion = 1;
	classes = {
	};
	objectVersion = 55;
	objects = {

/* Begin PBXBuildFile section */
		38B846A928114650003CD281 /* ChatAppApp.swift in Sources */ = {isa = PBXBuildFile; fileRef = 38B846A828114650003CD281 /* ChatAppApp.swift */; };
		38B846AB28114650003CD281 /* ContentView.swift in Sources */ = {isa = PBXBuildFile; fileRef = 38B846AA28114650003CD281 /* ContentView.swift */; };
		38B846AD28114653003CD281 /* Assets.xcassets in Resources */ = {isa = PBXBuildFile; fileRef = 38B846AC28114653003CD281 /* Assets.xcassets */; };
		38B846B028114653003CD281 /* Preview Assets.xcassets in Resources */ = {isa = PBXBuildFile; fileRef = 38B846AF28114653003CD281 /* Preview Assets.xcassets */; };
		38B846B92811484C003CD281 /* TitleRow.swift in Sources */ = {isa = PBXBuildFile; fileRef = 38B846B82811484C003CD281 /* TitleRow.swift */; };
		38B846BC28114BAE003CD281 /* Message.swift in Sources */ = {isa = PBXBuildFile; fileRef = 38B846BB28114BAE003CD281 /* Message.swift */; };
		38B846BE28114C3D003CD281 /* MessageBubble.swift in Sources */ = {isa = PBXBuildFile; fileRef = 38B846BD28114C3D003CD281 /* MessageBubble.swift */; };
		38B846C1281151EF003CD281 /* Extensions.swift in Sources */ = {isa = PBXBuildFile; fileRef = 38B846C0281151EF003CD281 /* Extensions.swift */; };
		38B846C328115367003CD281 /* MessageField.swift in Sources */ = {isa = PBXBuildFile; fileRef = 38B846C228115367003CD281 /* MessageField.swift */; };
		38B846C52811577D003CD281 /* GoogleService-Info.plist in Resources */ = {isa = PBXBuildFile; fileRef = 38B846C42811577D003CD281 /* GoogleService-Info.plist */; };
		38B846C8281158AA003CD281 /* FirebaseFirestore in Frameworks */ = {isa = PBXBuildFile; productRef = 38B846C7281158AA003CD281 /* FirebaseFirestore */; };
		38B846CA281158AA003CD281 /* FirebaseFirestoreSwift-Beta in Frameworks */ = {isa = PBXBuildFile; productRef = 38B846C9281158AA003CD281 /* FirebaseFirestoreSwift-Beta */; };
		38B846CD28115D24003CD281 /* MessagesManager.swift in Sources */ = {isa = PBXBuildFile; fileRef = 38B846CC28115D24003CD281 /* MessagesManager.swift */; };
/* End PBXBuildFile section */

/* Begin PBXFileReference section */
		38B846A528114650003CD281 /* ChatApp.app */ = {isa = PBXFileReference; explicitFileType = wrapper.application; includeInIndex = 0; path = ChatApp.app; sourceTree = BUILT_PRODUCTS_DIR; };
		38B846A828114650003CD281 /* ChatAppApp.swift */ = {isa = PBXFileReference; lastKnownFileType = sourcecode.swift; path = ChatAppApp.swift; sourceTree = "<group>"; };
		38B846AA28114650003CD281 /* ContentView.swift */ = {isa = PBXFileReference; lastKnownFileType = sourcecode.swift; path = ContentView.swift; sourceTree = "<group>"; };
		38B846AC28114653003CD281 /* Assets.xcassets */ = {isa = PBXFileReference; lastKnownFileType = folder.assetcatalog; path = Assets.xcassets; sourceTree = "<group>"; };
		38B846AF28114653003CD281 /* Preview Assets.xcassets */ = {isa = PBXFileReference; lastKnownFileType = folder.assetcatalog; path = "Preview Assets.xcassets"; sourceTree = "<group>"; };
		38B846B82811484C003CD281 /* TitleRow.swift */ = {isa = PBXFileReference; lastKnownFileType = sourcecode.swift; path = TitleRow.swift; sourceTree = "<group>"; };
		38B846BB28114BAE003CD281 /* Message.swift */ = {isa = PBXFileReference; lastKnownFileType = sourcecode.swift; path = Message.swift; sourceTree = "<group>"; };
		38B846BD28114C3D003CD281 /* MessageBubble.swift */ = {isa = PBXFileReference; lastKnownFileType = sourcecode.swift; path = MessageBubble.swift; sourceTree = "<group>"; };
		38B846C0281151EF003CD281 /* Extensions.swift */ = {isa = PBXFileReference; lastKnownFileType = sourcecode.swift; path = Extensions.swift; sourceTree = "<group>"; };
		38B846C228115367003CD281 /* MessageField.swift */ = {isa = PBXFileReference; lastKnownFileType = sourcecode.swift; path = MessageField.swift; sourceTree = "<group>"; };
		38B846C42811577D003CD281 /* GoogleService-Info.plist */ = {isa = PBXFileReference; fileEncoding = 4; lastKnownFileType = text.plist.xml; name = "GoogleService-Info.plist"; path = "../../../Downloads/GoogleService-Info.plist"; sourceTree = "<group>"; };
		38B846CC28115D24003CD281 /* MessagesManager.swift */ = {isa = PBXFileReference; lastKnownFileType = sourcecode.swift; path = MessagesManager.swift; sourceTree = "<group>"; };
/* End PBXFileReference section */

/* Begin PBXFrameworksBuildPhase section */
		38B846A228114650003CD281 /* Frameworks */ = {
			isa = PBXFrameworksBuildPhase;
			buildActionMask = 2147483647;
			files = (
				38B846C8281158AA003CD281 /* FirebaseFirestore in Frameworks */,
				38B846CA281158AA003CD281 /* FirebaseFirestoreSwift-Beta in Frameworks */,
			);
			runOnlyForDeploymentPostprocessing = 0;
		};
/* End PBXFrameworksBuildPhase section */

/* Begin PBXGroup section */
		38B8469C28114650003CD281 = {
			isa = PBXGroup;
			children = (
				38B846A728114650003CD281 /* ChatApp */,
				38B846A628114650003CD281 /* Products */,
			);
			sourceTree = "<group>";
		};
		38B846A628114650003CD281 /* Products */ = {
			isa = PBXGroup;
			children = (
				38B846A528114650003CD281 /* ChatApp.app */,
			);
			name = Products;
			sourceTree = "<group>";
		};
		38B846A728114650003CD281 /* ChatApp */ = {
			isa = PBXGroup;
			children = (
				38B846C42811577D003CD281 /* GoogleService-Info.plist */,
				38B846A828114650003CD281 /* ChatAppApp.swift */,
				38B846BA28114B9C003CD281 /* Models */,
				38B846B72811482A003CD281 /* Views */,
				38B846B628114824003CD281 /* Components */,
				38B846CB28115D15003CD281 /* Managers */,
				38B846BF281151D7003CD281 /* Extensions */,
				38B846AC28114653003CD281 /* Assets.xcassets */,
				38B846AE28114653003CD281 /* Preview Content */,
			);
			path = ChatApp;
			sourceTree = "<group>";
		};
		38B846AE28114653003CD281 /* Preview Content */ = {
			isa = PBXGroup;
			children = (
				38B846AF28114653003CD281 /* Preview Assets.xcassets */,
			);
			path = "Preview Content";
			sourceTree = "<group>";
		};
		38B846B628114824003CD281 /* Components */ = {
			isa = PBXGroup;
			children = (
				38B846B82811484C003CD281 /* TitleRow.swift */,
				38B846BD28114C3D003CD281 /* MessageBubble.swift */,
				38B846C228115367003CD281 /* MessageField.swift */,
			);
			path = Components;
			sourceTree = "<group>";
		};
		38B846B72811482A003CD281 /* Views */ = {
			isa = PBXGroup;
			children = (
				38B846AA28114650003CD281 /* ContentView.swift */,
			);
			path = Views;
			sourceTree = "<group>";
		};
		38B846BA28114B9C003CD281 /* Models */ = {
			isa = PBXGroup;
			children = (
				38B846BB28114BAE003CD281 /* Message.swift */,
			);
			path = Models;
			sourceTree = "<group>";
		};
		38B846BF281151D7003CD281 /* Extensions */ = {
			isa = PBXGroup;
			children = (
				38B846C0281151EF003CD281 /* Extensions.swift */,
			);
			path = Extensions;
			sourceTree = "<group>";
		};
		38B846CB28115D15003CD281 /* Managers */ = {
			isa = PBXGroup;
			children = (
				38B846CC28115D24003CD281 /* MessagesManager.swift */,
			);
			path = Managers;
			sourceTree = "<group>";
		};
/* End PBXGroup section */

/* Begin PBXNativeTarget section */
		38B846A428114650003CD281 /* ChatApp */ = {
			isa = PBXNativeTarget;
			buildConfigurationList = 38B846B328114653003CD281 /* Build configuration list for PBXNativeTarget "ChatApp" */;
			buildPhases = (
				38B846A128114650003CD281 /* Sources */,
				38B846A228114650003CD281 /* Frameworks */,
				38B846A328114650003CD281 /* Resources */,
			);
			buildRules = (
			);
			dependencies = (
			);
			name = ChatApp;
			packageProductDependencies = (
				38B846C7281158AA003CD281 /* FirebaseFirestore */,
				38B846C9281158AA003CD281 /* FirebaseFirestoreSwift-Beta */,
			);
			productName = ChatApp;
			productReference = 38B846A528114650003CD281 /* ChatApp.app */;
			productType = "com.apple.product-type.application";
		};
/* End PBXNativeTarget section */

/* Begin PBXProject section */
		38B8469D28114650003CD281 /* Project object */ = {
			isa = PBXProject;
			attributes = {
				BuildIndependentTargetsInParallel = 1;
				LastSwiftUpdateCheck = 1330;
				LastUpgradeCheck = 1330;
				TargetAttributes = {
					38B846A428114650003CD281 = {
						CreatedOnToolsVersion = 13.3;
					};
				};
			};
			buildConfigurationList = 38B846A028114650003CD281 /* Build configuration list for PBXProject "ChatApp" */;
			compatibilityVersion = "Xcode 13.0";
			developmentRegion = en;
			hasScannedForEncodings = 0;
			knownRegions = (
				en,
				Base,
			);
			mainGroup = 38B8469C28114650003CD281;
			packageReferences = (
				38B846C6281158AA003CD281 /* XCRemoteSwiftPackageReference "firebase-ios-sdk" */,
			);
			productRefGroup = 38B846A628114650003CD281 /* Products */;
			projectDirPath = "";
			projectRoot = "";
			targets = (
				38B846A428114650003CD281 /* ChatApp */,
			);
		};
/* End PBXProject section */

/* Begin PBXResourcesBuildPhase section */
		38B846A328114650003CD281 /* Resources */ = {
			isa = PBXResourcesBuildPhase;
			buildActionMask = 2147483647;
			files = (
				38B846B028114653003CD281 /* Preview Assets.xcassets in Resources */,
				38B846AD28114653003CD281 /* Assets.xcassets in Resources */,
				38B846C52811577D003CD281 /* GoogleService-Info.plist in Resources */,
			);
			runOnlyForDeploymentPostprocessing = 0;
		};
/* End PBXResourcesBuildPhase section */

/* Begin PBXSourcesBuildPhase section */
		38B846A128114650003CD281 /* Sources */ = {
			isa = PBXSourcesBuildPhase;
			buildActionMask = 2147483647;
			files = (
				38B846AB28114650003CD281 /* ContentView.swift in Sources */,
				38B846C1281151EF003CD281 /* Extensions.swift in Sources */,
				38B846BC28114BAE003CD281 /* Message.swift in Sources */,
				38B846CD28115D24003CD281 /* MessagesManager.swift in Sources */,
				38B846C328115367003CD281 /* MessageField.swift in Sources */,
				38B846BE28114C3D003CD281 /* MessageBubble.swift in Sources */,
				38B846A928114650003CD281 /* ChatAppApp.swift in Sources */,
				38B846B92811484C003CD281 /* TitleRow.swift in Sources */,
			);
			runOnlyForDeploymentPostprocessing = 0;
		};
/* End PBXSourcesBuildPhase section */

/* Begin XCBuildConfiguration section */
		38B846B128114653003CD281 /* Debug */ = {
			isa = XCBuildConfiguration;
			buildSettings = {
				ALWAYS_SEARCH_USER_PATHS = NO;
				CLANG_ANALYZER_NONNULL = YES;
				CLANG_ANALYZER_NUMBER_OBJECT_CONVERSION = YES_AGGRESSIVE;
				CLANG_CXX_LANGUAGE_STANDARD = "gnu++17";
				CLANG_ENABLE_MODULES = YES;
				CLANG_ENABLE_OBJC_ARC = YES;
				CLANG_ENABLE_OBJC_WEAK = YES;
				CLANG_WARN_BLOCK_CAPTURE_AUTORELEASING = YES;
				CLANG_WARN_BOOL_CONVERSION = YES;
				CLANG_WARN_COMMA = YES;
				CLANG_WARN_CONSTANT_CONVERSION = YES;
				CLANG_WARN_DEPRECATED_OBJC_IMPLEMENTATIONS = YES;
				CLANG_WARN_DIRECT_OBJC_ISA_USAGE = YES_ERROR;
				CLANG_WARN_DOCUMENTATION_COMMENTS = YES;
				CLANG_WARN_EMPTY_BODY = YES;
				CLANG_WARN_ENUM_CONVERSION = YES;
				CLANG_WARN_INFINITE_RECURSION = YES;
				CLANG_WARN_INT_CONVERSION = YES;
				CLANG_WARN_NON_LITERAL_NULL_CONVERSION = YES;
				CLANG_WARN_OBJC_IMPLICIT_RETAIN_SELF = YES;
				CLANG_WARN_OBJC_LITERAL_CONVERSION = YES;
				CLANG_WARN_OBJC_ROOT_CLASS = YES_ERROR;
				CLANG_WARN_QUOTED_INCLUDE_IN_FRAMEWORK_HEADER = YES;
				CLANG_WARN_RANGE_LOOP_ANALYSIS = YES;
				CLANG_WARN_STRICT_PROTOTYPES = YES;
				CLANG_WARN_SUSPICIOUS_MOVE = YES;
				CLANG_WARN_UNGUARDED_AVAILABILITY = YES_AGGRESSIVE;
				CLANG_WARN_UNREACHABLE_CODE = YES;
				CLANG_WARN__DUPLICATE_METHOD_MATCH = YES;
				COPY_PHASE_STRIP = NO;
				DEBUG_INFORMATION_FORMAT = dwarf;
				ENABLE_STRICT_OBJC_MSGSEND = YES;
				ENABLE_TESTABILITY = YES;
				GCC_C_LANGUAGE_STANDARD = gnu11;
				GCC_DYNAMIC_NO_PIC = NO;
				GCC_NO_COMMON_BLOCKS = YES;
				GCC_OPTIMIZATION_LEVEL = 0;
				GCC_PREPROCESSOR_DEFINITIONS = (
					"DEBUG=1",
					"$(inherited)",
				);
				GCC_WARN_64_TO_32_BIT_CONVERSION = YES;
				GCC_WARN_ABOUT_RETURN_TYPE = YES_ERROR;
				GCC_WARN_UNDECLARED_SELECTOR = YES;
				GCC_WARN_UNINITIALIZED_AUTOS = YES_AGGRESSIVE;
				GCC_WARN_UNUSED_FUNCTION = YES;
				GCC_WARN_UNUSED_VARIABLE = YES;
				IPHONEOS_DEPLOYMENT_TARGET = 15.4;
				MTL_ENABLE_DEBUG_INFO = INCLUDE_SOURCE;
				MTL_FAST_MATH = YES;
				ONLY_ACTIVE_ARCH = YES;
				SDKROOT = iphoneos;
				SWIFT_ACTIVE_COMPILATION_CONDITIONS = DEBUG;
				SWIFT_OPTIMIZATION_LEVEL = "-Onone";
			};
			name = Debug;
		};
		38B846B228114653003CD281 /* Release */ = {
			isa = XCBuildConfiguration;
			buildSettings = {
				ALWAYS_SEARCH_USER_PATHS = NO;
				CLANG_ANALYZER_NONNULL = YES;
				CLANG_ANALYZER_NUMBER_OBJECT_CONVERSION = YES_AGGRESSIVE;
				CLANG_CXX_LANGUAGE_STANDARD = "gnu++17";
				CLANG_ENABLE_MODULES = YES;
				CLANG_ENABLE_OBJC_ARC = YES;
				CLANG_ENABLE_OBJC_WEAK = YES;
				CLANG_WARN_BLOCK_CAPTURE_AUTORELEASING = YES;
				CLANG_WARN_BOOL_CONVERSION = YES;
				CLANG_WARN_COMMA = YES;
				CLANG_WARN_CONSTANT_CONVERSION = YES;
				CLANG_WARN_DEPRECATED_OBJC_IMPLEMENTATIONS = YES;
				CLANG_WARN_DIRECT_OBJC_ISA_USAGE = YES_ERROR;
				CLANG_WARN_DOCUMENTATION_COMMENTS = YES;
				CLANG_WARN_EMPTY_BODY = YES;
				CLANG_WARN_ENUM_CONVERSION = YES;
				CLANG_WARN_INFINITE_RECURSION = YES;
				CLANG_WARN_INT_CONVERSION = YES;
				CLANG_WARN_NON_LITERAL_NULL_CONVERSION = YES;
				CLANG_WARN_OBJC_IMPLICIT_RETAIN_SELF = YES;
				CLANG_WARN_OBJC_LITERAL_CONVERSION = YES;
				CLANG_WARN_OBJC_ROOT_CLASS = YES_ERROR;
				CLANG_WARN_QUOTED_INCLUDE_IN_FRAMEWORK_HEADER = YES;
				CLANG_WARN_RANGE_LOOP_ANALYSIS = YES;
				CLANG_WARN_STRICT_PROTOTYPES = YES;
				CLANG_WARN_SUSPICIOUS_MOVE = YES;
				CLANG_WARN_UNGUARDED_AVAILABILITY = YES_AGGRESSIVE;
				CLANG_WARN_UNREACHABLE_CODE = YES;
				CLANG_WARN__DUPLICATE_METHOD_MATCH = YES;
				COPY_PHASE_STRIP = NO;
				DEBUG_INFORMATION_FORMAT = "dwarf-with-dsym";
				ENABLE_NS_ASSERTIONS = NO;
				ENABLE_STRICT_OBJC_MSGSEND = YES;
				GCC_C_LANGUAGE_STANDARD = gnu11;
				GCC_NO_COMMON_BLOCKS = YES;
				GCC_WARN_64_TO_32_BIT_CONVERSION = YES;
				GCC_WARN_ABOUT_RETURN_TYPE = YES_ERROR;
				GCC_WARN_UNDECLARED_SELECTOR = YES;
				GCC_WARN_UNINITIALIZED_AUTOS = YES_AGGRESSIVE;
				GCC_WARN_UNUSED_FUNCTION = YES;
				GCC_WARN_UNUSED_VARIABLE = YES;
				IPHONEOS_DEPLOYMENT_TARGET = 15.4;
				MTL_ENABLE_DEBUG_INFO = NO;
				MTL_FAST_MATH = YES;
				SDKROOT = iphoneos;
				SWIFT_COMPILATION_MODE = wholemodule;
				SWIFT_OPTIMIZATION_LEVEL = "-O";
				VALIDATE_PRODUCT = YES;
			};
			name = Release;
		};
		38B846B428114653003CD281 /* Debug */ = {
			isa = XCBuildConfiguration;
			buildSettings = {
				ASSETCATALOG_COMPILER_APPICON_NAME = AppIcon;
				ASSETCATALOG_COMPILER_GLOBAL_ACCENT_COLOR_NAME = AccentColor;
				CODE_SIGN_STYLE = Automatic;
				CURRENT_PROJECT_VERSION = 1;
				DEVELOPMENT_ASSET_PATHS = "\"ChatApp/Preview Content\"";
				DEVELOPMENT_TEAM = U8K396794T;
				ENABLE_PREVIEWS = YES;
				GENERATE_INFOPLIST_FILE = YES;
				INFOPLIST_KEY_UIApplicationSceneManifest_Generation = YES;
				INFOPLIST_KEY_UIApplicationSupportsIndirectInputEvents = YES;
				INFOPLIST_KEY_UILaunchScreen_Generation = YES;
				INFOPLIST_KEY_UISupportedInterfaceOrientations_iPad = "UIInterfaceOrientationPortrait UIInterfaceOrientationPortraitUpsideDown UIInterfaceOrientationLandscapeLeft UIInterfaceOrientationLandscapeRight";
				INFOPLIST_KEY_UISupportedInterfaceOrientations_iPhone = "UIInterfaceOrientationPortrait UIInterfaceOrientationLandscapeLeft UIInterfaceOrientationLandscapeRight";
				LD_RUNPATH_SEARCH_PATHS = (
					"$(inherited)",
					"@executable_path/Frameworks",
				);
				MARKETING_VERSION = 1.0;
				PRODUCT_BUNDLE_IDENTIFIER = io.dyobi.ChatApp;
				PRODUCT_NAME = "$(TARGET_NAME)";
				SWIFT_EMIT_LOC_STRINGS = YES;
				SWIFT_VERSION = 5.0;
				TARGETED_DEVICE_FAMILY = "1,2";
			};
			name = Debug;
		};
		38B846B528114653003CD281 /* Release */ = {
			isa = XCBuildConfiguration;
			buildSettings = {
				ASSETCATALOG_COMPILER_APPICON_NAME = AppIcon;
				ASSETCATALOG_COMPILER_GLOBAL_ACCENT_COLOR_NAME = AccentColor;
				CODE_SIGN_STYLE = Automatic;
				CURRENT_PROJECT_VERSION = 1;
				DEVELOPMENT_ASSET_PATHS = "\"ChatApp/Preview Content\"";
				DEVELOPMENT_TEAM = U8K396794T;
				ENABLE_PREVIEWS = YES;
				GENERATE_INFOPLIST_FILE = YES;
				INFOPLIST_KEY_UIApplicationSceneManifest_Generation = YES;
				INFOPLIST_KEY_UIApplicationSupportsIndirectInputEvents = YES;
				INFOPLIST_KEY_UILaunchScreen_Generation = YES;
				INFOPLIST_KEY_UISupportedInterfaceOrientations_iPad = "UIInterfaceOrientationPortrait UIInterfaceOrientationPortraitUpsideDown UIInterfaceOrientationLandscapeLeft UIInterfaceOrientationLandscapeRight";
				INFOPLIST_KEY_UISupportedInterfaceOrientations_iPhone = "UIInterfaceOrientationPortrait UIInterfaceOrientationLandscapeLeft UIInterfaceOrientationLandscapeRight";
				LD_RUNPATH_SEARCH_PATHS = (
					"$(inherited)",
					"@executable_path/Frameworks",
				);
				MARKETING_VERSION = 1.0;
				PRODUCT_BUNDLE_IDENTIFIER = io.dyobi.ChatApp;
				PRODUCT_NAME = "$(TARGET_NAME)";
				SWIFT_EMIT_LOC_STRINGS = YES;
				SWIFT_VERSION = 5.0;
				TARGETED_DEVICE_FAMILY = "1,2";
			};
			name = Release;
		};
/* End XCBuildConfiguration section */

/* Begin XCConfigurationList section */
		38B846A028114650003CD281 /* Build configuration list for PBXProject "ChatApp" */ = {
			isa = XCConfigurationList;
			buildConfigurations = (
				38B846B128114653003CD281 /* Debug */,
				38B846B228114653003CD281 /* Release */,
			);
			defaultConfigurationIsVisible = 0;
			defaultConfigurationName = Release;
		};
		38B846B328114653003CD281 /* Build configuration list for PBXNativeTarget "ChatApp" */ = {
			isa = XCConfigurationList;
			buildConfigurations = (
				38B846B428114653003CD281 /* Debug */,
				38B846B528114653003CD281 /* Release */,
			);
			defaultConfigurationIsVisible = 0;
			defaultConfigurationName = Release;
		};
/* End XCConfigurationList section */

/* Begin XCRemoteSwiftPackageReference section */
		38B846C6281158AA003CD281 /* XCRemoteSwiftPackageReference "firebase-ios-sdk" */ = {
			isa = XCRemoteSwiftPackageReference;
			repositoryURL = "https://github.com/firebase/firebase-ios-sdk";
			requirement = {
				kind = upToNextMajorVersion;
				minimumVersion = 8.0.0;
			};
		};
/* End XCRemoteSwiftPackageReference section */

/* Begin XCSwiftPackageProductDependency section */
		38B846C7281158AA003CD281 /* FirebaseFirestore */ = {
			isa = XCSwiftPackageProductDependency;
			package = 38B846C6281158AA003CD281 /* XCRemoteSwiftPackageReference "firebase-ios-sdk" */;
			productName = FirebaseFirestore;
		};
		38B846C9281158AA003CD281 /* FirebaseFirestoreSwift-Beta */ = {
			isa = XCSwiftPackageProductDependency;
			package = 38B846C6281158AA003CD281 /* XCRemoteSwiftPackageReference "firebase-ios-sdk" */;
			productName = "FirebaseFirestoreSwift-Beta";
		};
/* End XCSwiftPackageProductDependency section */
	};
	rootObject = 38B8469D28114650003CD281 /* Project object */;
}
